// !$*UTF8*$!
{
	archiveVersion = 1;
	classes = {
	};
	objectVersion = 46;
	objects = {

/* Begin PBXBuildFile section */
		C57D4F101ACF73D4002A8C58 /* AppDelegate.swift in Sources */ = {isa = PBXBuildFile; fileRef = C57D4F0F1ACF73D4002A8C58 /* AppDelegate.swift */; };
		C57D4F121ACF73D4002A8C58 /* ViewController.swift in Sources */ = {isa = PBXBuildFile; fileRef = C57D4F111ACF73D4002A8C58 /* ViewController.swift */; };
		C57D4F151ACF73D4002A8C58 /* Main.storyboard in Resources */ = {isa = PBXBuildFile; fileRef = C57D4F131ACF73D4002A8C58 /* Main.storyboard */; };
		C57D4F171ACF73D4002A8C58 /* Images.xcassets in Resources */ = {isa = PBXBuildFile; fileRef = C57D4F161ACF73D4002A8C58 /* Images.xcassets */; };
		C57D4F1A1ACF73D4002A8C58 /* LaunchScreen.xib in Resources */ = {isa = PBXBuildFile; fileRef = C57D4F181ACF73D4002A8C58 /* LaunchScreen.xib */; };
		C57D4F261ACF73D4002A8C58 /* IntelliH20Tests.swift in Sources */ = {isa = PBXBuildFile; fileRef = C57D4F251ACF73D4002A8C58 /* IntelliH20Tests.swift */; };
/* End PBXBuildFile section */

/* Begin PBXContainerItemProxy section */
		C57D4F201ACF73D4002A8C58 /* PBXContainerItemProxy */ = {
			isa = PBXContainerItemProxy;
			containerPortal = C57D4F021ACF73D4002A8C58 /* Project object */;
			proxyType = 1;
			remoteGlobalIDString = C57D4F091ACF73D4002A8C58;
			remoteInfo = IntelliH20;
		};
/* End PBXContainerItemProxy section */

/* Begin PBXFileReference section */
		C57D4F0A1ACF73D4002A8C58 /* IntelliH20.app */ = {isa = PBXFileReference; explicitFileType = wrapper.application; includeInIndex = 0; path = IntelliH20.app; sourceTree = BUILT_PRODUCTS_DIR; };
		C57D4F0E1ACF73D4002A8C58 /* Info.plist */ = {isa = PBXFileReference; lastKnownFileType = text.plist.xml; path = Info.plist; sourceTree = "<group>"; };
		C57D4F0F1ACF73D4002A8C58 /* AppDelegate.swift */ = {isa = PBXFileReference; lastKnownFileType = sourcecode.swift; path = AppDelegate.swift; sourceTree = "<group>"; };
		C57D4F111ACF73D4002A8C58 /* ViewController.swift */ = {isa = PBXFileReference; lastKnownFileType = sourcecode.swift; path = ViewController.swift; sourceTree = "<group>"; };
		C57D4F141ACF73D4002A8C58 /* Base */ = {isa = PBXFileReference; lastKnownFileType = file.storyboard; name = Base; path = Base.lproj/Main.storyboard; sourceTree = "<group>"; };
		C57D4F161ACF73D4002A8C58 /* Images.xcassets */ = {isa = PBXFileReference; lastKnownFileType = folder.assetcatalog; path = Images.xcassets; sourceTree = "<group>"; };
		C57D4F191ACF73D4002A8C58 /* Base */ = {isa = PBXFileReference; lastKnownFileType = file.xib; name = Base; path = Base.lproj/LaunchScreen.xib; sourceTree = "<group>"; };
		C57D4F1F1ACF73D4002A8C58 /* IntelliH20Tests.xctest */ = {isa = PBXFileReference; explicitFileType = wrapper.cfbundle; includeInIndex = 0; path = IntelliH20Tests.xctest; sourceTree = BUILT_PRODUCTS_DIR; };
		C57D4F241ACF73D4002A8C58 /* Info.plist */ = {isa = PBXFileReference; lastKnownFileType = text.plist.xml; path = Info.plist; sourceTree = "<group>"; };
		C57D4F251ACF73D4002A8C58 /* IntelliH20Tests.swift */ = {isa = PBXFileReference; lastKnownFileType = sourcecode.swift; path = IntelliH20Tests.swift; sourceTree = "<group>"; };
/* End PBXFileReference section */

/* Begin PBXFrameworksBuildPhase section */
		C57D4F071ACF73D4002A8C58 /* Frameworks */ = {
			isa = PBXFrameworksBuildPhase;
			buildActionMask = 2147483647;
			files = (
			);
			runOnlyForDeploymentPostprocessing = 0;
		};
		C57D4F1C1ACF73D4002A8C58 /* Frameworks */ = {
			isa = PBXFrameworksBuildPhase;
			buildActionMask = 2147483647;
			files = (
			);
			runOnlyForDeploymentPostprocessing = 0;
		};
/* End PBXFrameworksBuildPhase section */

/* Begin PBXGroup section */
		C57D4F011ACF73D4002A8C58 = {
			isa = PBXGroup;
			children = (
				C57D4F0C1ACF73D4002A8C58 /* IntelliH20 */,
				C57D4F221ACF73D4002A8C58 /* IntelliH20Tests */,
				C57D4F0B1ACF73D4002A8C58 /* Products */,
			);
			sourceTree = "<group>";
		};
		C57D4F0B1ACF73D4002A8C58 /* Products */ = {
			isa = PBXGroup;
			children = (
				C57D4F0A1ACF73D4002A8C58 /* IntelliH20.app */,
				C57D4F1F1ACF73D4002A8C58 /* IntelliH20Tests.xctest */,
			);
			name = Products;
			sourceTree = "<group>";
		};
		C57D4F0C1ACF73D4002A8C58 /* IntelliH20 */ = {
			isa = PBXGroup;
			children = (
				C57D4F0F1ACF73D4002A8C58 /* AppDelegate.swift */,
				C57D4F111ACF73D4002A8C58 /* ViewController.swift */,
				C57D4F131ACF73D4002A8C58 /* Main.storyboard */,
				C57D4F161ACF73D4002A8C58 /* Images.xcassets */,
				C57D4F181ACF73D4002A8C58 /* LaunchScreen.xib */,
				C57D4F0D1ACF73D4002A8C58 /* Supporting Files */,
			);
			path = IntelliH20;
			sourceTree = "<group>";
		};
		C57D4F0D1ACF73D4002A8C58 /* Supporting Files */ = {
			isa = PBXGroup;
			children = (
				C57D4F0E1ACF73D4002A8C58 /* Info.plist */,
			);
			name = "Supporting Files";
			sourceTree = "<group>";
		};
		C57D4F221ACF73D4002A8C58 /* IntelliH20Tests */ = {
			isa = PBXGroup;
			children = (
				C57D4F251ACF73D4002A8C58 /* IntelliH20Tests.swift */,
				C57D4F231ACF73D4002A8C58 /* Supporting Files */,
			);
			path = IntelliH20Tests;
			sourceTree = "<group>";
		};
		C57D4F231ACF73D4002A8C58 /* Supporting Files */ = {
			isa = PBXGroup;
			children = (
				C57D4F241ACF73D4002A8C58 /* Info.plist */,
			);
			name = "Supporting Files";
			sourceTree = "<group>";
		};
/* End PBXGroup section */

/* Begin PBXNativeTarget section */
		C57D4F091ACF73D4002A8C58 /* IntelliH20 */ = {
			isa = PBXNativeTarget;
			buildConfigurationList = C57D4F291ACF73D4002A8C58 /* Build configuration list for PBXNativeTarget "IntelliH20" */;
			buildPhases = (
				C57D4F061ACF73D4002A8C58 /* Sources */,
				C57D4F071ACF73D4002A8C58 /* Frameworks */,
				C57D4F081ACF73D4002A8C58 /* Resources */,
			);
			buildRules = (
			);
			dependencies = (
			);
			name = IntelliH20;
			productName = IntelliH20;
			productReference = C57D4F0A1ACF73D4002A8C58 /* IntelliH20.app */;
			productType = "com.apple.product-type.application";
		};
		C57D4F1E1ACF73D4002A8C58 /* IntelliH20Tests */ = {
			isa = PBXNativeTarget;
			buildConfigurationList = C57D4F2C1ACF73D4002A8C58 /* Build configuration list for PBXNativeTarget "IntelliH20Tests" */;
			buildPhases = (
				C57D4F1B1ACF73D4002A8C58 /* Sources */,
				C57D4F1C1ACF73D4002A8C58 /* Frameworks */,
				C57D4F1D1ACF73D4002A8C58 /* Resources */,
			);
			buildRules = (
			);
			dependencies = (
				C57D4F211ACF73D4002A8C58 /* PBXTargetDependency */,
			);
			name = IntelliH20Tests;
			productName = IntelliH20Tests;
			productReference = C57D4F1F1ACF73D4002A8C58 /* IntelliH20Tests.xctest */;
			productType = "com.apple.product-type.bundle.unit-test";
		};
/* End PBXNativeTarget section */

/* Begin PBXProject section */
		C57D4F021ACF73D4002A8C58 /* Project object */ = {
			isa = PBXProject;
			attributes = {
				LastUpgradeCheck = 0620;
				ORGANIZATIONNAME = "IntelliNinja Productions";
				TargetAttributes = {
					C57D4F091ACF73D4002A8C58 = {
						CreatedOnToolsVersion = 6.2;
					};
					C57D4F1E1ACF73D4002A8C58 = {
						CreatedOnToolsVersion = 6.2;
						TestTargetID = C57D4F091ACF73D4002A8C58;
					};
				};
			};
			buildConfigurationList = C57D4F051ACF73D4002A8C58 /* Build configuration list for PBXProject "IntelliH20" */;
			compatibilityVersion = "Xcode 3.2";
			developmentRegion = English;
			hasScannedForEncodings = 0;
			knownRegions = (
				en,
				Base,
			);
			mainGroup = C57D4F011ACF73D4002A8C58;
			productRefGroup = C57D4F0B1ACF73D4002A8C58 /* Products */;
			projectDirPath = "";
			projectRoot = "";
			targets = (
				C57D4F091ACF73D4002A8C58 /* IntelliH20 */,
				C57D4F1E1ACF73D4002A8C58 /* IntelliH20Tests */,
			);
		};
/* End PBXProject section */

/* Begin PBXResourcesBuildPhase section */
		C57D4F081ACF73D4002A8C58 /* Resources */ = {
			isa = PBXResourcesBuildPhase;
			buildActionMask = 2147483647;
			files = (
				C57D4F151ACF73D4002A8C58 /* Main.storyboard in Resources */,
				C57D4F1A1ACF73D4002A8C58 /* LaunchScreen.xib in Resources */,
				C57D4F171ACF73D4002A8C58 /* Images.xcassets in Resources */,
			);
			runOnlyForDeploymentPostprocessing = 0;
		};
		C57D4F1D1ACF73D4002A8C58 /* Resources */ = {
			isa = PBXResourcesBuildPhase;
			buildActionMask = 2147483647;
			files = (
			);
			runOnlyForDeploymentPostprocessing = 0;
		};
/* End PBXResourcesBuildPhase section */

/* Begin PBXSourcesBuildPhase section */
		C57D4F061ACF73D4002A8C58 /* Sources */ = {
			isa = PBXSourcesBuildPhase;
			buildActionMask = 2147483647;
			files = (
				C57D4F121ACF73D4002A8C58 /* ViewController.swift in Sources */,
				C57D4F101ACF73D4002A8C58 /* AppDelegate.swift in Sources */,
			);
			runOnlyForDeploymentPostprocessing = 0;
		};
		C57D4F1B1ACF73D4002A8C58 /* Sources */ = {
			isa = PBXSourcesBuildPhase;
			buildActionMask = 2147483647;
			files = (
				C57D4F261ACF73D4002A8C58 /* IntelliH20Tests.swift in Sources */,
			);
			runOnlyForDeploymentPostprocessing = 0;
		};
/* End PBXSourcesBuildPhase section */

/* Begin PBXTargetDependency section */
		C57D4F211ACF73D4002A8C58 /* PBXTargetDependency */ = {
			isa = PBXTargetDependency;
			target = C57D4F091ACF73D4002A8C58 /* IntelliH20 */;
			targetProxy = C57D4F201ACF73D4002A8C58 /* PBXContainerItemProxy */;
		};
/* End PBXTargetDependency section */

/* Begin PBXVariantGroup section */
		C57D4F131ACF73D4002A8C58 /* Main.storyboard */ = {
			isa = PBXVariantGroup;
			children = (
				C57D4F141ACF73D4002A8C58 /* Base */,
			);
			name = Main.storyboard;
			sourceTree = "<group>";
		};
		C57D4F181ACF73D4002A8C58 /* LaunchScreen.xib */ = {
			isa = PBXVariantGroup;
			children = (
				C57D4F191ACF73D4002A8C58 /* Base */,
			);
			name = LaunchScreen.xib;
			sourceTree = "<group>";
		};
/* End PBXVariantGroup section */

/* Begin XCBuildConfiguration section */
		C57D4F271ACF73D4002A8C58 /* Debug */ = {
			isa = XCBuildConfiguration;
			buildSettings = {
				ALWAYS_SEARCH_USER_PATHS = NO;
				CLANG_CXX_LANGUAGE_STANDARD = "gnu++0x";
				CLANG_CXX_LIBRARY = "libc++";
				CLANG_ENABLE_MODULES = YES;
				CLANG_ENABLE_OBJC_ARC = YES;
				CLANG_WARN_BOOL_CONVERSION = YES;
				CLANG_WARN_CONSTANT_CONVERSION = YES;
				CLANG_WARN_DIRECT_OBJC_ISA_USAGE = YES_ERROR;
				CLANG_WARN_EMPTY_BODY = YES;
				CLANG_WARN_ENUM_CONVERSION = YES;
				CLANG_WARN_INT_CONVERSION = YES;
				CLANG_WARN_OBJC_ROOT_CLASS = YES_ERROR;
				CLANG_WARN_UNREACHABLE_CODE = YES;
				CLANG_WARN__DUPLICATE_METHOD_MATCH = YES;
				"CODE_SIGN_IDENTITY[sdk=iphoneos*]" = "iPhone Developer";
				COPY_PHASE_STRIP = NO;
				ENABLE_STRICT_OBJC_MSGSEND = YES;
				GCC_C_LANGUAGE_STANDARD = gnu99;
				GCC_DYNAMIC_NO_PIC = NO;
				GCC_OPTIMIZATION_LEVEL = 0;
				GCC_PREPROCESSOR_DEFINITIONS = (
					"DEBUG=1",
					"$(inherited)",
				);
				GCC_SYMBOLS_PRIVATE_EXTERN = NO;
				GCC_WARN_64_TO_32_BIT_CONVERSION = YES;
				GCC_WARN_ABOUT_RETURN_TYPE = YES_ERROR;
				GCC_WARN_UNDECLARED_SELECTOR = YES;
				GCC_WARN_UNINITIALIZED_AUTOS = YES_AGGRESSIVE;
				GCC_WARN_UNUSED_FUNCTION = YES;
				GCC_WARN_UNUSED_VARIABLE = YES;
				IPHONEOS_DEPLOYMENT_TARGET = 8.2;
				MTL_ENABLE_DEBUG_INFO = YES;
				ONLY_ACTIVE_ARCH = YES;
				SDKROOT = iphoneos;
				SWIFT_OPTIMIZATION_LEVEL = "-Onone";
			};
			name = Debug;
		};
		C57D4F281ACF73D4002A8C58 /* Release */ = {
			isa = XCBuildConfiguration;
			buildSettings = {
				ALWAYS_SEARCH_USER_PATHS = NO;
				CLANG_CXX_LANGUAGE_STANDARD = "gnu++0x";
				CLANG_CXX_LIBRARY = "libc++";
				CLANG_ENABLE_MODULES = YES;
				CLANG_ENABLE_OBJC_ARC = YES;
				CLANG_WARN_BOOL_CONVERSION = YES;
				CLANG_WARN_CONSTANT_CONVERSION = YES;
				CLANG_WARN_DIRECT_OBJC_ISA_USAGE = YES_ERROR;
				CLANG_WARN_EMPTY_BODY = YES;
				CLANG_WARN_ENUM_CONVERSION = YES;
				CLANG_WARN_INT_CONVERSION = YES;
				CLANG_WARN_OBJC_ROOT_CLASS = YES_ERROR;
				CLANG_WARN_UNREACHABLE_CODE = YES;
				CLANG_WARN__DUPLICATE_METHOD_MATCH = YES;
				"CODE_SIGN_IDENTITY[sdk=iphoneos*]" = "iPhone Developer";
				COPY_PHASE_STRIP = NO;
				ENABLE_NS_ASSERTIONS = NO;
				ENABLE_STRICT_OBJC_MSGSEND = YES;
				GCC_C_LANGUAGE_STANDARD = gnu99;
				GCC_WARN_64_TO_32_BIT_CONVERSION = YES;
				GCC_WARN_ABOUT_RETURN_TYPE = YES_ERROR;
				GCC_WARN_UNDECLARED_SELECTOR = YES;
				GCC_WARN_UNINITIALIZED_AUTOS = YES_AGGRESSIVE;
				GCC_WARN_UNUSED_FUNCTION = YES;
				GCC_WARN_UNUSED_VARIABLE = YES;
				IPHONEOS_DEPLOYMENT_TARGET = 8.2;
				MTL_ENABLE_DEBUG_INFO = NO;
				SDKROOT = iphoneos;
				VALIDATE_PRODUCT = YES;
			};
			name = Release;
		};
		C57D4F2A1ACF73D4002A8C58 /* Debug */ = {
			isa = XCBuildConfiguration;
			buildSettings = {
				ASSETCATALOG_COMPILER_APPICON_NAME = AppIcon;
				INFOPLIST_FILE = IntelliH20/Info.plist;
				LD_RUNPATH_SEARCH_PATHS = "$(inherited) @executable_path/Frameworks";
				PRODUCT_NAME = "$(TARGET_NAME)";
			};
			name = Debug;
		};
		C57D4F2B1ACF73D4002A8C58 /* Release */ = {
			isa = XCBuildConfiguration;
			buildSettings = {
				ASSETCATALOG_COMPILER_APPICON_NAME = AppIcon;
				INFOPLIST_FILE = IntelliH20/Info.plist;
				LD_RUNPATH_SEARCH_PATHS = "$(inherited) @executable_path/Frameworks";
				PRODUCT_NAME = "$(TARGET_NAME)";
			};
			name = Release;
		};
		C57D4F2D1ACF73D4002A8C58 /* Debug */ = {
			isa = XCBuildConfiguration;
			buildSettings = {
				BUNDLE_LOADER = "$(TEST_HOST)";
				FRAMEWORK_SEARCH_PATHS = (
					"$(SDKROOT)/Developer/Library/Frameworks",
					"$(inherited)",
				);
				GCC_PREPROCESSOR_DEFINITIONS = (
					"DEBUG=1",
					"$(inherited)",
				);
				INFOPLIST_FILE = IntelliH20Tests/Info.plist;
				LD_RUNPATH_SEARCH_PATHS = "$(inherited) @executable_path/Frameworks @loader_path/Frameworks";
				PRODUCT_NAME = "$(TARGET_NAME)";
				TEST_HOST = "$(BUILT_PRODUCTS_DIR)/IntelliH20.app/IntelliH20";
			};
			name = Debug;
		};
		C57D4F2E1ACF73D4002A8C58 /* Release */ = {
			isa = XCBuildConfiguration;
			buildSettings = {
				BUNDLE_LOADER = "$(TEST_HOST)";
				FRAMEWORK_SEARCH_PATHS = (
					"$(SDKROOT)/Developer/Library/Frameworks",
					"$(inherited)",
				);
				INFOPLIST_FILE = IntelliH20Tests/Info.plist;
				LD_RUNPATH_SEARCH_PATHS = "$(inherited) @executable_path/Frameworks @loader_path/Frameworks";
				PRODUCT_NAME = "$(TARGET_NAME)";
				TEST_HOST = "$(BUILT_PRODUCTS_DIR)/IntelliH20.app/IntelliH20";
			};
			name = Release;
		};
/* End XCBuildConfiguration section */

/* Begin XCConfigurationList section */
		C57D4F051ACF73D4002A8C58 /* Build configuration list for PBXProject "IntelliH20" */ = {
			isa = XCConfigurationList;
			buildConfigurations = (
				C57D4F271ACF73D4002A8C58 /* Debug */,
				C57D4F281ACF73D4002A8C58 /* Release */,
			);
			defaultConfigurationIsVisible = 0;
			defaultConfigurationName = Release;
		};
		C57D4F291ACF73D4002A8C58 /* Build configuration list for PBXNativeTarget "IntelliH20" */ = {
			isa = XCConfigurationList;
			buildConfigurations = (
				C57D4F2A1ACF73D4002A8C58 /* Debug */,
				C57D4F2B1ACF73D4002A8C58 /* Release */,
			);
			defaultConfigurationIsVisible = 0;
		};
		C57D4F2C1ACF73D4002A8C58 /* Build configuration list for PBXNativeTarget "IntelliH20Tests" */ = {
			isa = XCConfigurationList;
			buildConfigurations = (
				C57D4F2D1ACF73D4002A8C58 /* Debug */,
				C57D4F2E1ACF73D4002A8C58 /* Release */,
			);
			defaultConfigurationIsVisible = 0;
		};
/* End XCConfigurationList section */
	};
	rootObject = C57D4F021ACF73D4002A8C58 /* Project object */;
}
